
Microsoft Visual Studio Solution File, Format Version 12.00
# Visual Studio Version 16
VisualStudioVersion = 16.0.33130.400
MinimumVisualStudioVersion = 10.0.40219.1
Project("{FAE04EC0-301F-11D3-BF4B-00C04F79EFBC}") = "E_Mart", "E_Mart.csproj", "{E55032D7-9CCD-42AE-AC80-F219AF373EAB}"
EndProject
Global
	GlobalSection(SolutionConfigurationPlatforms) = preSolution
		Debug|Any CPU = Debug|Any CPU
		Release|Any CPU = Release|Any CPU
	EndGlobalSection
	GlobalSection(ProjectConfigurationPlatforms) = postSolution
		{E55032D7-9CCD-42AE-AC80-F219AF373EAB}.Debug|Any CPU.ActiveCfg = Debug|Any CPU
		{E55032D7-9CCD-42AE-AC80-F219AF373EAB}.Debug|Any CPU.Build.0 = Debug|Any CPU
		{E55032D7-9CCD-42AE-AC80-F219AF373EAB}.Release|Any CPU.ActiveCfg = Release|Any CPU
		{E55032D7-9CCD-42AE-AC80-F219AF373EAB}.Release|Any CPU.Build.0 = Release|Any CPU
	EndGlobalSection
	GlobalSection(SolutionProperties) = preSolution
		HideSolutionNode = FALSE
	EndGlobalSection
	GlobalSection(ExtensibilityGlobals) = postSolution
		SolutionGuid = {BAD44075-A8B6-42C1-9AE9-430CFD166459}
	EndGlobalSection
EndGlobal
